schema: '2.0'
stages:
  data_ingestion:
    cmd: python src/data_ingestion.py
    deps:
    - path: src/data_ingestion.py
      hash: md5
      md5: 47e491869f33b61b7cb138fbb609084a
      size: 3231
    params:
      params.yaml:
        data_ingestion.test_size: 0.2
    outs:
    - path: data/raw
      hash: md5
      md5: bced0b7d07c851d2ba80829bb4e272be.dir
      size: 32999
      nfiles: 2
  data_preprocessing:
    cmd: python src/data_preprocessing.py
    deps:
    - path: data/raw
      hash: md5
      md5: bced0b7d07c851d2ba80829bb4e272be.dir
      size: 32999
      nfiles: 2
    - path: src/data_preprocessing.py
      hash: md5
      md5: 408cd1e706ebb4bbc648e02400f95cd6
      size: 3041
    outs:
    - path: data/interim
      hash: md5
      md5: f56d7d19180eb162e7fe0b4d6b50c9b5.dir
      size: 27488
      nfiles: 2
  model_training:
    cmd: python src/model_training.py
    deps:
    - path: data/interim
      hash: md5
      md5: f56d7d19180eb162e7fe0b4d6b50c9b5.dir
      size: 27488
      nfiles: 2
    - path: src/model_training.py
      hash: md5
      md5: 94d5d3e791be5c842e59af815d170be1
      size: 4276
    params:
      params.yaml:
        model_training.n_estimators: 40
        model_training.random_state: 42
    outs:
    - path: models/model.pkl
      hash: md5
      md5: c8dda509e5f278e7e3ad74950e6e246d
      size: 368397
  model_evaluation:
    cmd: python src/model_evaluation.py
    deps:
    - path: models/model.pkl
      hash: md5
      md5: c8dda509e5f278e7e3ad74950e6e246d
      size: 368397
    - path: src/model_evaluation.py
      hash: md5
      md5: e4281a159d3a7a5102c0782dab8f6676
      size: 3542
    outs:
    - path: report/metrics.json
      hash: md5
      md5: 0ba7434e731469b3800470a97c80e107
      size: 144
