schema: '2.0'
stages:
  data_ingestion:
    cmd: python src/data_ingestion.py
    deps:
    - path: src/data_ingestion.py
      hash: md5
      md5: 6cea9ce27b56226657b24afa9a4d9a82
      size: 2637
    params:
      params.yaml:
        data_ingestion.test_size: 0.2
    outs:
    - path: data/raw
      hash: md5
      md5: 75a7c6e62f2cb89a018adeacb3f028c8.dir
      size: 34478
      nfiles: 2
  data_preprocessing:
    cmd: python src/data_preprocessing.py
    deps:
    - path: data/raw
      hash: md5
      md5: 75a7c6e62f2cb89a018adeacb3f028c8.dir
      size: 34478
      nfiles: 2
    - path: src/data_preprocessing.py
      hash: md5
      md5: 9c6b8576cefb26338b507c581fb96f9c
      size: 3015
    outs:
    - path: data/intrim
      hash: md5
      md5: fa12c3ec5d375d84341bdb854a51c3de.dir
      size: 16830
      nfiles: 2
  model_training:
    cmd: python src/model_training.py
    deps:
    - path: data/intrim
      hash: md5
      md5: fa12c3ec5d375d84341bdb854a51c3de.dir
      size: 16830
      nfiles: 2
    - path: src/model_training.py
      hash: md5
      md5: 38b69ad5f36de3d9ea6475632e9f048d
      size: 4275
    params:
      params.yaml:
        model_training.n_estimators: 40
        model_training.random_state: 42
    outs:
    - path: models/model.pkl
      hash: md5
      md5: 534ab75e1ac94e466b1d949ec84873e6
      size: 274788
  model_evaluation:
    cmd: python src/model_evaluation.py
    deps:
    - path: models/model.pkl
      hash: md5
      md5: 534ab75e1ac94e466b1d949ec84873e6
      size: 274788
    - path: src/model_evaluation.py
      hash: md5
      md5: e4281a159d3a7a5102c0782dab8f6676
      size: 3542
    outs:
    - path: report/metrics.json
      hash: md5
      md5: 627adeb1d649b17112daa3e3f9ed6962
      size: 145
